<?xml version="1.0" encoding="utf-8"?>
<Project ToolsVersion="4.0" xmlns="http://schemas.microsoft.com/developer/msbuild/2003">
  <ItemGroup>
    <Filter Include="Source Files">
      <UniqueIdentifier>{7b221f65-3d14-4e7e-ac1f-580c36d4aa58}</UniqueIdentifier>
      <Extensions>cpp;c;cxx;rc;def;r;odl;idl;hpj;bat</Extensions>
    </Filter>
    <Filter Include="Header Files">
      <UniqueIdentifier>{d93f98e7-45f0-417b-814d-ac85717f1c33}</UniqueIdentifier>
      <Extensions>h;hpp;hxx;hm;inl</Extensions>
    </Filter>
    <Filter Include="Resource Files">
      <UniqueIdentifier>{665401cd-8faf-4c4b-9387-51c4a65c35e4}</UniqueIdentifier>
      <Extensions>ico;cur;bmp;dlg;rc2;rct;bin;rgs;gif;jpg;jpeg;jpe</Extensions>
    </Filter>
  </ItemGroup>
  <ItemGroup>
    <ClCompile Include="Dlg_pass.cpp">
      <Filter>Source Files</Filter>
    </ClCompile>
    <ClCompile Include="Dlg_StaffWizard.cpp">
      <Filter>Source Files</Filter>
    </ClCompile>
    <ClCompile Include="GifAnimation.cpp">
      <Filter>Source Files</Filter>
    </ClCompile>
    <ClCompile Include="MainWnd.cpp">
      <Filter>Source Files</Filter>
    </ClCompile>
    <ClCompile Include="MainWndDlg.cpp">
      <Filter>Source Files</Filter>
    </ClCompile>
    <ClCompile Include="StdAfx.cpp">
      <Filter>Source Files</Filter>
    </ClCompile>
    <ClCompile Include="common1.cpp">
      <Filter>Source Files</Filter>
    </ClCompile>
    <ClCompile Include="report.cpp">
      <Filter>Source Files</Filter>
    </ClCompile>
    <ClCompile Include="GenericHTTPClient.cpp">
      <Filter>Source Files</Filter>
    </ClCompile>
    <ClCompile Include="winimage.cpp">
      <Filter>Source Files</Filter>
    </ClCompile>
  </ItemGroup>
  <ItemGroup>
    <ClInclude Include="Dlg_pass.h">
      <Filter>Header Files</Filter>
    </ClInclude>
    <ClInclude Include="Dlg_StaffWizard.h">
      <Filter>Header Files</Filter>
    </ClInclude>
    <ClInclude Include="GifAnimation.h">
      <Filter>Header Files</Filter>
    </ClInclude>
    <ClInclude Include="MainWnd.h">
      <Filter>Header Files</Filter>
    </ClInclude>
    <ClInclude Include="MainWndDlg.h">
      <Filter>Header Files</Filter>
    </ClInclude>
    <ClInclude Include="Resource.h">
      <Filter>Header Files</Filter>
    </ClInclude>
    <ClInclude Include="StdAfx.h">
      <Filter>Header Files</Filter>
    </ClInclude>
    <ClInclude Include="common1.h">
      <Filter>Header Files</Filter>
    </ClInclude>
    <ClInclude Include="GenericHTTPClient.h">
      <Filter>Header Files</Filter>
    </ClInclude>
    <ClInclude Include="report.h">
      <Filter>Header Files</Filter>
    </ClInclude>
    <ClInclude Include="winimage.h">
      <Filter>Header Files</Filter>
    </ClInclude>
  </ItemGroup>
  <ItemGroup>
    <ResourceCompile Include="MainWnd.rc">
      <Filter>Source Files</Filter>
    </ResourceCompile>
  </ItemGroup>
  <ItemGroup>
    <None Include="res\folder-files-16.ico">
      <Filter>Resource Files</Filter>
    </None>
    <None Include="res\folder-files-32.ico">
      <Filter>Resource Files</Filter>
    </None>
    <None Include="icon.ico">
      <Filter>Resource Files</Filter>
    </None>
    <None Include="res\icon1.ico">
      <Filter>Resource Files</Filter>
    </None>
    <None Include="res\icon10.ico">
      <Filter>Resource Files</Filter>
    </None>
    <None Include="res\icon2.ico">
      <Filter>Resource Files</Filter>
    </None>
    <None Include="res\icon3.ico">
      <Filter>Resource Files</Filter>
    </None>
    <None Include="res\icon9.ico">
      <Filter>Resource Files</Filter>
    </None>
    <None Include="res\MainWnd.ico">
      <Filter>Resource Files</Filter>
    </None>
    <None Include="res\MainWnd.rc2">
      <Filter>Resource Files</Filter>
    </None>
    <None Include="res\options-32.ico">
      <Filter>Resource Files</Filter>
    </None>
    <None Include="res\password.ico">
      <Filter>Resource Files</Filter>
    </None>
    <None Include="res\start-logs-32.ico">
      <Filter>Resource Files</Filter>
    </None>
    <None Include="ReadMe.txt" />
  </ItemGroup>
</Project>